
Microsoft Visual Studio Solution File, Format Version 12.00
# Visual Studio Version 17
VisualStudioVersion = 17.2.33027.314
MinimumVisualStudioVersion = 10.0.40219.1
Project("{8BC9CEB8-8B4A-11D0-8D11-00A0C91BC942}") = "pro-TBB - ch02", "ch02\pro-TBB - ch02.vcxproj", "{4215346F-2E2E-45C2-A987-33E5129A7B32}"
EndProject
Project("{2150E333-8FDC-42A3-9474-1A3956D46DE8}") = "02 Source Files", "02 Source Files", "{2CAB0380-2FE1-4561-9818-E1515CAE3E32}"
	ProjectSection(SolutionItems) = preProject
		ch19\HelloOpenCLNode\devices.cpp = ch19\HelloOpenCLNode\devices.cpp
		ch10\fig_10_04.cpp = ch10\fig_10_04.cpp
		ch10\fig_10_06.cpp = ch10\fig_10_06.cpp
		ch10\fig_10_08.cpp = ch10\fig_10_08.cpp
		ch10\fig_10_11-bypass.cpp = ch10\fig_10_11-bypass.cpp
		ch10\fig_10_11.cpp = ch10\fig_10_11.cpp
		ch10\fig_10_15.cpp = ch10\fig_10_15.cpp
		ch11\fig_11_05.cpp = ch11\fig_11_05.cpp
		ch11\fig_11_06.cpp = ch11\fig_11_06.cpp
		ch11\fig_11_07.cpp = ch11\fig_11_07.cpp
		ch11\fig_11_08.cpp = ch11\fig_11_08.cpp
		ch11\fig_11_10.cpp = ch11\fig_11_10.cpp
		ch11\fig_11_12.cpp = ch11\fig_11_12.cpp
		ch11\fig_11_14.cpp = ch11\fig_11_14.cpp
		ch11\fig_11_15.cpp = ch11\fig_11_15.cpp
		ch11\fig_11_16.cpp = ch11\fig_11_16.cpp
		ch12\fig_12_01.cpp = ch12\fig_12_01.cpp
		ch12\fig_12_03.cpp = ch12\fig_12_03.cpp
		ch12\fig_12_04.cpp = ch12\fig_12_04.cpp
		ch12\fig_12_05.cpp = ch12\fig_12_05.cpp
		ch12\fig_12_06.cpp = ch12\fig_12_06.cpp
		ch12\fig_12_07.cpp = ch12\fig_12_07.cpp
		ch12\fig_12_09.cpp = ch12\fig_12_09.cpp
		ch12\fig_12_10.cpp = ch12\fig_12_10.cpp
		ch12\fig_12_11.cpp = ch12\fig_12_11.cpp
		ch12\fig_12_12.cpp = ch12\fig_12_12.cpp
		ch13\fig_13_01.cpp = ch13\fig_13_01.cpp
		ch13\fig_13_03.cpp = ch13\fig_13_03.cpp
		ch13\fig_13_05.cpp = ch13\fig_13_05.cpp
		ch14\fig_14_02.cpp = ch14\fig_14_02.cpp
		ch14\fig_14_03.cpp = ch14\fig_14_03.cpp
		ch14\fig_14_04.cpp = ch14\fig_14_04.cpp
		ch15\fig_15_01.cpp = ch15\fig_15_01.cpp
		ch15\fig_15_02.cpp = ch15\fig_15_02.cpp
		ch15\fig_15_03.cpp = ch15\fig_15_03.cpp
		ch15\fig_15_09.cpp = ch15\fig_15_09.cpp
		ch15\fig_15_11.cpp = ch15\fig_15_11.cpp
		ch15\fig_15_12.cpp = ch15\fig_15_12.cpp
		ch16\fig_16_04.cpp = ch16\fig_16_04.cpp
		ch16\fig_16_06.cpp = ch16\fig_16_06.cpp
		ch16\fig_16_09.cpp = ch16\fig_16_09.cpp
		ch16\fig_16_11.cpp = ch16\fig_16_11.cpp
		ch16\fig_16_14.cpp = ch16\fig_16_14.cpp
		ch16\fig_16_16.cpp = ch16\fig_16_16.cpp
		ch16\fig_16_17.cpp = ch16\fig_16_17.cpp
		ch16\fig_16_19.cpp = ch16\fig_16_19.cpp
		ch16\fig_16_20.cpp = ch16\fig_16_20.cpp
		ch16\fig_16_21.cpp = ch16\fig_16_21.cpp
		ch16\fig_16_22.cpp = ch16\fig_16_22.cpp
		ch16\fig_16_23.cpp = ch16\fig_16_23.cpp
		ch16\fig_16_24.cpp = ch16\fig_16_24.cpp
		ch16\fig_16_25.cpp = ch16\fig_16_25.cpp
		ch16\fig_16_26.cpp = ch16\fig_16_26.cpp
		ch17\fig_17_01.cpp = ch17\fig_17_01.cpp
		ch17\fig_17_02.cpp = ch17\fig_17_02.cpp
		ch17\fig_17_03.cpp = ch17\fig_17_03.cpp
		ch17\fig_17_04.cpp = ch17\fig_17_04.cpp
		ch17\fig_17_05.cpp = ch17\fig_17_05.cpp
		ch17\fig_17_08.cpp = ch17\fig_17_08.cpp
		ch17\fig_17_09.cpp = ch17\fig_17_09.cpp
		ch17\fig_17_10.cpp = ch17\fig_17_10.cpp
		ch17\fig_17_11.cpp = ch17\fig_17_11.cpp
		ch17\fig_17_12.cpp = ch17\fig_17_12.cpp
		ch17\fig_17_13.cpp = ch17\fig_17_13.cpp
		ch17\fig_17_15.cpp = ch17\fig_17_15.cpp
		ch17\fig_17_16.cpp = ch17\fig_17_16.cpp
		ch17\fig_17_17.cpp = ch17\fig_17_17.cpp
		ch17\fig_17_19.cpp = ch17\fig_17_19.cpp
		ch17\fig_17_21.cpp = ch17\fig_17_21.cpp
		ch17\fig_17_22.cpp = ch17\fig_17_22.cpp
		ch17\fig_17_23.cpp = ch17\fig_17_23.cpp
		ch17\fig_17_26.cpp = ch17\fig_17_26.cpp
		ch17\fig_17_27.cpp = ch17\fig_17_27.cpp
		ch17\fig_17_28.cpp = ch17\fig_17_28.cpp
		ch17\fig_17_30.cpp = ch17\fig_17_30.cpp
		ch17\fig_17_31.cpp = ch17\fig_17_31.cpp
		ch17\fig_17_33.cpp = ch17\fig_17_33.cpp
		ch18\fig_18_03-alternative.cpp = ch18\fig_18_03-alternative.cpp
		ch18\fig_18_03.cpp = ch18\fig_18_03.cpp
		ch18\fig_18_04.cpp = ch18\fig_18_04.cpp
		ch18\fig_18_11-CLheader.cpp = ch18\fig_18_11-CLheader.cpp
		ch18\fig_18_11-svm.cpp = ch18\fig_18_11-svm.cpp
		ch18\fig_18_11-svmCLheader.cpp = ch18\fig_18_11-svmCLheader.cpp
		ch18\fig_18_11.cpp = ch18\fig_18_11.cpp
		ch19\fig_19_03.cpp = ch19\fig_19_03.cpp
		ch19\fig_19_05.cpp = ch19\fig_19_05.cpp
		ch19\fig_19_07.cpp = ch19\fig_19_07.cpp
		ch19\fig_19_08.cpp = ch19\fig_19_08.cpp
		ch19\fig_19_09.cpp = ch19\fig_19_09.cpp
		ch19\fig_19_16-subbuffer.cpp = ch19\fig_19_16-subbuffer.cpp
		ch19\fig_19_16.cpp = ch19\fig_19_16.cpp
		ch19\fig_19_21.cpp = ch19\fig_19_21.cpp
		ch19\fig_19_22.cpp = ch19\fig_19_22.cpp
		ch19\fig_19_24.cpp = ch19\fig_19_24.cpp
		ch19\fig_19_26.cpp = ch19\fig_19_26.cpp
		ch19\fig_19_27.cpp = ch19\fig_19_27.cpp
		ch01\fig_1_04.cpp = ch01\fig_1_04.cpp
		ch01\fig_1_05.cpp = ch01\fig_1_05.cpp
		ch01\fig_1_07.cpp = ch01\fig_1_07.cpp
		ch01\fig_1_10.cpp = ch01\fig_1_10.cpp
		ch01\fig_1_11.cpp = ch01\fig_1_11.cpp
		ch01\fig_1_12.cpp = ch01\fig_1_12.cpp
		ch20\fig_20_05.cpp = ch20\fig_20_05.cpp
		ch20\fig_20_06.cpp = ch20\fig_20_06.cpp
		ch20\fig_20_10.cpp = ch20\fig_20_10.cpp
		ch02\fig_2_03.cpp = ch02\fig_2_03.cpp
		ch02\fig_2_04.cpp = ch02\fig_2_04.cpp
		ch02\fig_2_05.cpp = ch02\fig_2_05.cpp
		ch02\fig_2_06.cpp = ch02\fig_2_06.cpp
		ch02\fig_2_07.cpp = ch02\fig_2_07.cpp
		ch02\fig_2_08.cpp = ch02\fig_2_08.cpp
		ch02\fig_2_10.cpp = ch02\fig_2_10.cpp
		ch02\fig_2_11.cpp = ch02\fig_2_11.cpp
		ch02\fig_2_12.cpp = ch02\fig_2_12.cpp
		ch02\fig_2_14.cpp = ch02\fig_2_14.cpp
		ch02\fig_2_15.cpp = ch02\fig_2_15.cpp
		ch02\fig_2_16.cpp = ch02\fig_2_16.cpp
		ch02\fig_2_17.cpp = ch02\fig_2_17.cpp
		ch02\fig_2_18.cpp = ch02\fig_2_18.cpp
		ch02\fig_2_19.cpp = ch02\fig_2_19.cpp
		ch02\fig_2_20.cpp = ch02\fig_2_20.cpp
		ch02\fig_2_22.cpp = ch02\fig_2_22.cpp
		ch02\fig_2_23.cpp = ch02\fig_2_23.cpp
		ch02\fig_2_24.cpp = ch02\fig_2_24.cpp
		ch02\fig_2_27.cpp = ch02\fig_2_27.cpp
		ch02\fig_2_28.cpp = ch02\fig_2_28.cpp
		ch02\fig_2_30.cpp = ch02\fig_2_30.cpp
		ch03\fig_3_03.cpp = ch03\fig_3_03.cpp
		ch03\fig_3_05.cpp = ch03\fig_3_05.cpp
		ch03\fig_3_06.cpp = ch03\fig_3_06.cpp
		ch03\fig_3_10.cpp = ch03\fig_3_10.cpp
		ch03\fig_3_12.cpp = ch03\fig_3_12.cpp
		ch03\fig_3_14.cpp = ch03\fig_3_14.cpp
		ch03\fig_3_16.cpp = ch03\fig_3_16.cpp
		ch04\fig_4_04.cpp = ch04\fig_4_04.cpp
		ch04\fig_4_08.cpp = ch04\fig_4_08.cpp
		ch04\fig_4_09.cpp = ch04\fig_4_09.cpp
		ch04\fig_4_10.cpp = ch04\fig_4_10.cpp
		ch04\fig_4_11.cpp = ch04\fig_4_11.cpp
		ch04\fig_4_12.cpp = ch04\fig_4_12.cpp
		ch04\fig_4_13.cpp = ch04\fig_4_13.cpp
		ch05\fig_5_03.cpp = ch05\fig_5_03.cpp
		ch05\fig_5_04.cpp = ch05\fig_5_04.cpp
		ch05\fig_5_08.cpp = ch05\fig_5_08.cpp
		ch05\fig_5_14.cpp = ch05\fig_5_14.cpp
		ch05\fig_5_19.cpp = ch05\fig_5_19.cpp
		ch05\fig_5_20.cpp = ch05\fig_5_20.cpp
		ch05\fig_5_20_cacheAligned.cpp = ch05\fig_5_20_cacheAligned.cpp
		ch05\fig_5_22.cpp = ch05\fig_5_22.cpp
		ch05\fig_5_23.cpp = ch05\fig_5_23.cpp
		ch05\fig_5_24.cpp = ch05\fig_5_24.cpp
		ch05\fig_5_25.cpp = ch05\fig_5_25.cpp
		ch05\fig_5_26.cpp = ch05\fig_5_26.cpp
		ch05\fig_5_27-bis.cpp = ch05\fig_5_27-bis.cpp
		ch05\fig_5_27.cpp = ch05\fig_5_27.cpp
		ch05\fig_5_29.cpp = ch05\fig_5_29.cpp
		ch06\fig_6_01.cpp = ch06\fig_6_01.cpp
		ch06\fig_6_06.cpp = ch06\fig_6_06.cpp
		ch06\fig_6_09_STL.cpp = ch06\fig_6_09_STL.cpp
		ch06\fig_6_10.cpp = ch06\fig_6_10.cpp
		ch06\fig_6_11.cpp = ch06\fig_6_11.cpp
		ch06\fig_6_12.cpp = ch06\fig_6_12.cpp
		ch07\fig_7_09.cpp = ch07\fig_7_09.cpp
		ch07\fig_7_15and16and17.cpp = ch07\fig_7_15and16and17.cpp
		AppB\fig_B_08_parallel_do.cpp = AppB\fig_B_08_parallel_do.cpp
		AppB\fig_B_11_parallel_for.cpp = AppB\fig_B_11_parallel_for.cpp
		AppB\fig_B_12_parallel_for2.cpp = AppB\fig_B_12_parallel_for2.cpp
		AppB\fig_B_15_parallel_for_each.cpp = AppB\fig_B_15_parallel_for_each.cpp
		AppB\fig_B_17_parallel_invoke.cpp = AppB\fig_B_17_parallel_invoke.cpp
		AppB\fig_B_21_parallel_pipeline.cpp = AppB\fig_B_21_parallel_pipeline.cpp
		AppB\fig_B_23_parallel_reduce.cpp = AppB\fig_B_23_parallel_reduce.cpp
		AppB\fig_B_24_parallel_deterministic_reduce.cpp = AppB\fig_B_24_parallel_deterministic_reduce.cpp
		AppB\fig_B_27_parallel_scan.cpp = AppB\fig_B_27_parallel_scan.cpp
		AppB\fig_B_30_parallel_sort.cpp = AppB\fig_B_30_parallel_sort.cpp
		AppB\fig_B_33_pipeline.cpp = AppB\fig_B_33_pipeline.cpp
		AppB\fig_B_43_fg.cpp = AppB\fig_B_43_fg.cpp
		AppB\fig_B_48_fixed_pool.cpp = AppB\fig_B_48_fixed_pool.cpp
		AppB\fig_B_48_memory_pool.cpp = AppB\fig_B_48_memory_pool.cpp
		AppB\fig_B_60_mutex.cpp = AppB\fig_B_60_mutex.cpp
		AppB\fig_B_62_atomic.cpp = AppB\fig_B_62_atomic.cpp
		AppB\fig_B_64_combinable.cpp = AppB\fig_B_64_combinable.cpp
		AppB\fig_B_66_enumerable_thread_specific.cpp = AppB\fig_B_66_enumerable_thread_specific.cpp
		AppB\fig_B_68_flatten2d.cpp = AppB\fig_B_68_flatten2d.cpp
		AppB\fig_B_69_tick_count.cpp = AppB\fig_B_69_tick_count.cpp
		AppB\fig_B_71_task_group.cpp = AppB\fig_B_71_task_group.cpp
		AppB\fig_B_73_task_scheduler_init.cpp = AppB\fig_B_73_task_scheduler_init.cpp
		AppB\fig_B_78_exception_handling.cpp = AppB\fig_B_78_exception_handling.cpp
		AppB\fig_B_81_parallel_STL.cpp = AppB\fig_B_81_parallel_STL.cpp
		ch19\HelloOpenCLNode\Hello_OCLNode-gpu.cpp = ch19\HelloOpenCLNode\Hello_OCLNode-gpu.cpp
		ch19\HelloOpenCLNode\Hello_OCLNode.cpp = ch19\HelloOpenCLNode\Hello_OCLNode.cpp
		ch19\HelloOpenCLNode\Hello_ranges-b.cpp = ch19\HelloOpenCLNode\Hello_ranges-b.cpp
		ch19\HelloOpenCLNode\Hello_ranges.cpp = ch19\HelloOpenCLNode\Hello_ranges.cpp
		ch19\HelloOpenCLNode\Hello_ranges2.cpp = ch19\HelloOpenCLNode\Hello_ranges2.cpp
		AppB\hw_tst.cpp = AppB\hw_tst.cpp
		ch02\lodepng.cpp = ch02\lodepng.cpp
		ch03\lodepng.cpp = ch03\lodepng.cpp
		ch15\note_exceptions.cpp = ch15\note_exceptions.cpp
		ch19\HelloOpenCLNode\ordering-ok.cpp = ch19\HelloOpenCLNode\ordering-ok.cpp
		ch19\HelloOpenCLNode\ordering-wrong.cpp = ch19\HelloOpenCLNode\ordering-wrong.cpp
		ch02\sidebar_associativity.cpp = ch02\sidebar_associativity.cpp
		ch01\sidebar_functor.cpp = ch01\sidebar_functor.cpp
		ch01\sidebar_lambda.cpp = ch01\sidebar_lambda.cpp
		ch02\sidebar_pfor_functor.cpp = ch02\sidebar_pfor_functor.cpp
		ch19\TriadOpenCLNode\triad_oclNode-subbuff.cpp = ch19\TriadOpenCLNode\triad_oclNode-subbuff.cpp
		ch19\TriadOpenCLNode\triad_oclNode.cpp = ch19\TriadOpenCLNode\triad_oclNode.cpp
		ch19\TriadOpenCLNode\triad_oclPrecomp.cpp = ch19\TriadOpenCLNode\triad_oclPrecomp.cpp
		ch19\HelloOpenCLNode\TwoGPUs.cpp = ch19\HelloOpenCLNode\TwoGPUs.cpp
		ch10\wavefront_v0_DAG.cpp = ch10\wavefront_v0_DAG.cpp
		ch10\wavefront_v1_addchild.cpp = ch10\wavefront_v1_addchild.cpp
		ch10\wavefront_v2_feeder.cpp = ch10\wavefront_v2_feeder.cpp
		ch10\wavefront_v3_blockstyle.cpp = ch10\wavefront_v3_blockstyle.cpp
		ch10\wavefront_v4_recycle.cpp = ch10\wavefront_v4_recycle.cpp
		ch10\wavefront_v5_locality.cpp = ch10\wavefront_v5_locality.cpp
		ch10\wavefront_v6_global.cpp = ch10\wavefront_v6_global.cpp
	EndProjectSection
EndProject
Project("{2150E333-8FDC-42A3-9474-1A3956D46DE8}") = "01 Header Files", "01 Header Files", "{DE19BB66-A332-4373-8E34-0D41525C86AA}"
	ProjectSection(SolutionItems) = preProject
		ch01\ch01.h = ch01\ch01.h
		ch03\lodepng.h = ch03\lodepng.h
		ch02\lodepng.h = ch02\lodepng.h
		ch10\utils.h = ch10\utils.h
		ch02\utils.h = ch02\utils.h
	EndProjectSection
EndProject
Global
	GlobalSection(SolutionConfigurationPlatforms) = preSolution
		Debug|x64 = Debug|x64
		Release|x64 = Release|x64
	EndGlobalSection
	GlobalSection(ProjectConfigurationPlatforms) = postSolution
		{4215346F-2E2E-45C2-A987-33E5129A7B32}.Debug|x64.ActiveCfg = Debug|x64
		{4215346F-2E2E-45C2-A987-33E5129A7B32}.Debug|x64.Build.0 = Debug|x64
		{4215346F-2E2E-45C2-A987-33E5129A7B32}.Release|x64.ActiveCfg = Release|x64
		{4215346F-2E2E-45C2-A987-33E5129A7B32}.Release|x64.Build.0 = Release|x64
	EndGlobalSection
	GlobalSection(SolutionProperties) = preSolution
		HideSolutionNode = FALSE
	EndGlobalSection
	GlobalSection(ExtensibilityGlobals) = postSolution
		SolutionGuid = {1F722077-DFD2-4AC9-9A28-E92010166B48}
	EndGlobalSection
EndGlobal
